
Microsoft Visual Studio Solution File, Format Version 12.00
# Visual Studio Version 17
VisualStudioVersion = 17.3.32901.215
MinimumVisualStudioVersion = 10.0.40219.1
Project("{FAE04EC0-301F-11D3-BF4B-00C04F79EFBC}") = "Module13AutoTests", "Module13AutoTests\Module13AutoTests.csproj", "{27038EBA-C1DA-4F03-B2DD-AAD97B0A870D}"
EndProject
Global
	GlobalSection(SolutionConfigurationPlatforms) = preSolution
		Debug|Any CPU = Debug|Any CPU
		Release|Any CPU = Release|Any CPU
	EndGlobalSection
	GlobalSection(ProjectConfigurationPlatforms) = postSolution
		{27038EBA-C1DA-4F03-B2DD-AAD97B0A870D}.Debug|Any CPU.ActiveCfg = Debug|Any CPU
		{27038EBA-C1DA-4F03-B2DD-AAD97B0A870D}.Debug|Any CPU.Build.0 = Debug|Any CPU
		{27038EBA-C1DA-4F03-B2DD-AAD97B0A870D}.Release|Any CPU.ActiveCfg = Release|Any CPU
		{27038EBA-C1DA-4F03-B2DD-AAD97B0A870D}.Release|Any CPU.Build.0 = Release|Any CPU
	EndGlobalSection
	GlobalSection(SolutionProperties) = preSolution
		HideSolutionNode = FALSE
	EndGlobalSection
	GlobalSection(ExtensibilityGlobals) = postSolution
		SolutionGuid = {A8D7F5C4-7357-4A04-888E-5A98E8C588F4}
	EndGlobalSection
EndGlobal
